{
  "version": 1,
  "dependencies": {
    "net9.0": {
      "NetCoreServer": {
        "type": "Direct",
        "requested": "[8.0.7, )",
        "resolved": "8.0.7",
        "contentHash": "BhNiJ6EVxKS1eKqlHINy7BruLDc+xCH59oZxu7d2Hve8CzFki69PumVlf6vyAQvIVfxbZiHw/FI3UHNnMajuVg=="
      }
    }
  }
}