{
  "version": 1,
  "dependencies": {
    "net9.0": {
      "Microsoft.NET.Test.Sdk": {
        "type": "Direct",
        "requested": "[17.12.0, )",
        "resolved": "17.12.0",
        "contentHash": "kt/PKBZ91rFCWxVIJZSgVLk+YR+4KxTuHf799ho8WNiK5ZQpJNAEZCAWX86vcKrs+DiYjiibpYKdGZP6+/N17w==",
        "dependencies": {
          "Microsoft.CodeCoverage": "17.12.0",
          "Microsoft.TestPlatform.TestHost": "17.12.0"
        }
      },
      "NUnit": {
        "type": "Direct",
        "requested": "[4.5.1, )",
        "resolved": "4.5.1",
        "contentHash": "x1sIqU9i0IkxqFayqthzmJs/75jTMbrfNMixj4vtfTi7rRzGbtuY27V+iAhfTY02u5k2qvW3QBGM414OG4q8Lw=="
      },
      "NUnit.Analyzers": {
        "type": "Direct",
        "requested": "[4.4.0, )",
        "resolved": "4.4.0",
        "contentHash": "VVl1CuQttXRZh52HRw5SIOut3qXw4pmuiTYk02jTELVWZ9uYRY8IVl2qF9Zs7W0ElPiLDUrAglFBzNLBCPzEcw=="
      },
      "NUnit3TestAdapter": {
        "type": "Direct",
        "requested": "[4.6.0, )",
        "resolved": "4.6.0",
        "contentHash": "R7e1+a4vuV/YS+ItfL7f//rG+JBvVeVLX4mHzFEZo4W1qEKl8Zz27AqvQSAqo+BtIzUCo4aAJMYa56VXS4hudw=="
      },
      "Verify.NUnit": {
        "type": "Direct",
        "requested": "[31.16.2, )",
        "resolved": "31.16.2",
        "contentHash": "1eiIcuUvRW/KFfGECPZiXO33ZwHxHNzwwhVwSMIL3ILMCIDcSvnRE5qMTXk3ZtJmInI+TSBRPPBnIzjzBTCK3w==",
        "dependencies": {
          "Argon": "0.33.5",
          "DiffEngine": "19.1.3",
          "NUnit": "4.5.1",
          "SimpleInfoName": "3.2.0",
          "Verify": "31.16.2"
        }
      },
      "Argon": {
        "type": "Transitive",
        "resolved": "0.33.5",
        "contentHash": "J6821zxO+EqMzO9C/V5uiWc2eBGyzN7Z8Z0xq3Q1/e6IxYcHDA32OgiZX5/7/f8rVPQQa7aYtm6f0UfnrgKNBg=="
      },
      "DiffEngine": {
        "type": "Transitive",
        "resolved": "19.1.3",
        "contentHash": "4Tsn/JeL5GF4RJhW1yTtUPMqYWck1eOfJwE3CrlQsOlrFc9WyUxZPgywB7zvRPi6pVKShzcch0WbTkWe3GB7HA==",
        "dependencies": {
          "EmptyFiles": "8.18.1"
        }
      },
      "EmptyFiles": {
        "type": "Transitive",
        "resolved": "8.18.1",
        "contentHash": "5gA7ICU+CafaHJLbrL/lOEABwkmXS6089WoCbn+NkIul2ATAGGzQsD4cXOFmYmQp6b9Jd/f4bb2EK+14dY75Pw=="
      },
      "Microsoft.CodeCoverage": {
        "type": "Transitive",
        "resolved": "17.12.0",
        "contentHash": "4svMznBd5JM21JIG2xZKGNanAHNXplxf/kQDFfLHXQ3OnpJkayRK/TjacFjA+EYmoyuNXHo/sOETEfcYtAzIrA=="
      },
      "Microsoft.TestPlatform.ObjectModel": {
        "type": "Transitive",
        "resolved": "17.12.0",
        "contentHash": "TDqkTKLfQuAaPcEb3pDDWnh7b3SyZF+/W9OZvWFp6eJCIiiYFdSB6taE2I6tWrFw5ywhzOb6sreoGJTI6m3rSQ==",
        "dependencies": {
          "System.Reflection.Metadata": "1.6.0"
        }
      },
      "Microsoft.TestPlatform.TestHost": {
        "type": "Transitive",
        "resolved": "17.12.0",
        "contentHash": "MiPEJQNyADfwZ4pJNpQex+t9/jOClBGMiCiVVFuELCMSX2nmNfvUor3uFVxNNCg30uxDP8JDYfPnMXQzsfzYyg==",
        "dependencies": {
          "Microsoft.TestPlatform.ObjectModel": "17.12.0",
          "Newtonsoft.Json": "13.0.1"
        }
      },
      "Newtonsoft.Json": {
        "type": "Transitive",
        "resolved": "13.0.1",
        "contentHash": "ppPFpBcvxdsfUonNcvITKqLl3bqxWbDCZIzDWHzjpdAHRFfZe0Dw9HmA0+za13IdyrgJwpkDTDA9fHaxOrt20A=="
      },
      "SimpleInfoName": {
        "type": "Transitive",
        "resolved": "3.2.0",
        "contentHash": "K8ivHRbPWfncijk62Dan/r/z55gwq3aFzqB6yFlD9X0bbpIaacHyHH2cpcIdz0FECUpERUZTwxts0z4gRWpQpA=="
      },
      "System.Reflection.Metadata": {
        "type": "Transitive",
        "resolved": "1.6.0",
        "contentHash": "COC1aiAJjCoA5GBF+QKL2uLqEBew4JsCkQmoHKbN3TlOZKa2fKLz5CpiRQKDz0RsAOEGsVKqOD5bomsXq/4STQ=="
      },
      "Verify": {
        "type": "Transitive",
        "resolved": "31.16.2",
        "contentHash": "5FfUZ61HNRr10S/SvXT4NAf61jUw1B+jgxKDN74hHGVW7K+QyZ/M7lyz6fqVF4RHYU6kSZhtVtKWFgrs3yuBQg==",
        "dependencies": {
          "Argon": "0.33.5",
          "DiffEngine": "19.1.3",
          "SimpleInfoName": "3.2.0"
        }
      },
      "easytrace": {
        "type": "Project"
      }
    }
  }
}